
Microsoft Visual Studio Solution File, Format Version 12.00
# Visual Studio 2012
Project("{2150E333-8FDC-42A3-9474-1A3956D46DE8}") = "Solution Items", "Solution Items", "{304CB63B-AFDF-495B-830C-D6408ABA6F7B}"
	ProjectSection(SolutionItems) = preProject
		01.fsx = 01.fsx
		02.fsx = 02.fsx
		03.fsx = 03.fsx
		04.fsx = 04.fsx
		05.fsx = 05.fsx
		06.fsx = 06.fsx
		07.fsx = 07.fsx
		08.fsx = 08.fsx
		09.fsx = 09.fsx
		10.fsx = 10.fsx
		11.fsx = 11.fsx
		12.fsx = 12.fsx
		13.fsx = 13.fsx
		14.fsx = 14.fsx
		16.fsx = 16.fsx
		17.fsx = 17.fsx
		18_and_67.fsx = 18_and_67.fsx
		19.fsx = 19.fsx
		20.fsx = 20.fsx
		21.fsx = 21.fsx
		28.fsx = 28.fsx
		31.fsx = 31.fsx
		54.fsx = 54.fsx
	EndProjectSection
EndProject
Global
	GlobalSection(SolutionProperties) = preSolution
		HideSolutionNode = FALSE
	EndGlobalSection
EndGlobal
